
Microsoft Visual Studio Solution File, Format Version 12.00
# Visual Studio Version 17
VisualStudioVersion = 17.11.35303.130
MinimumVisualStudioVersion = 10.0.40219.1
Project("{888888A0-9F3D-457C-B088-3A5042F75D52}") = "FinalProbStatsProject1", "FinalProbStatsProject1\FinalProbStatsProject1.pyproj", "{D1DAEAD0-CF5E-40B6-8C35-57E47FB63BA9}"
EndProject
Global
	GlobalSection(SolutionConfigurationPlatforms) = preSolution
		Debug|Any CPU = Debug|Any CPU
		Release|Any CPU = Release|Any CPU
	EndGlobalSection
	GlobalSection(ProjectConfigurationPlatforms) = postSolution
		{D1DAEAD0-CF5E-40B6-8C35-57E47FB63BA9}.Debug|Any CPU.ActiveCfg = Debug|Any CPU
		{D1DAEAD0-CF5E-40B6-8C35-57E47FB63BA9}.Release|Any CPU.ActiveCfg = Release|Any CPU
	EndGlobalSection
	GlobalSection(SolutionProperties) = preSolution
		HideSolutionNode = FALSE
	EndGlobalSection
	GlobalSection(ExtensibilityGlobals) = postSolution
		SolutionGuid = {DEE907DF-2C21-4DCD-9960-F8A4C2FF6036}
	EndGlobalSection
EndGlobal
